
Microsoft Visual Studio Solution File, Format Version 12.00
# Visual Studio Version 17
VisualStudioVersion = 17.14.36327.8 d17.14
MinimumVisualStudioVersion = 10.0.40219.1
Project("{FAE04EC0-301F-11D3-BF4B-00C04F79EFBC}") = "HF1 Øvelser med dependency injection", "HF1 Øvelser med dependency injection\HF1 Øvelser med dependency injection.csproj", "{9BBF16D8-4971-4379-9B40-A809737A0938}"
EndProject
Global
	GlobalSection(SolutionConfigurationPlatforms) = preSolution
		Debug|Any CPU = Debug|Any CPU
		Release|Any CPU = Release|Any CPU
	EndGlobalSection
	GlobalSection(ProjectConfigurationPlatforms) = postSolution
		{9BBF16D8-4971-4379-9B40-A809737A0938}.Debug|Any CPU.ActiveCfg = Debug|Any CPU
		{9BBF16D8-4971-4379-9B40-A809737A0938}.Debug|Any CPU.Build.0 = Debug|Any CPU
		{9BBF16D8-4971-4379-9B40-A809737A0938}.Release|Any CPU.ActiveCfg = Release|Any CPU
		{9BBF16D8-4971-4379-9B40-A809737A0938}.Release|Any CPU.Build.0 = Release|Any CPU
	EndGlobalSection
	GlobalSection(SolutionProperties) = preSolution
		HideSolutionNode = FALSE
	EndGlobalSection
	GlobalSection(ExtensibilityGlobals) = postSolution
		SolutionGuid = {1286C5B7-1878-4FA2-A3F5-045DAD84FBD6}
	EndGlobalSection
EndGlobal
